github.com/agl/ed25519 v0.0.0-20170116200512-5312a6153412 h1:w1UutsfOrms1J05zt7ISrnJIXKzwaspym5BTKGx93EI=
github.com/agl/ed25519 v0.0.0-20170116200512-5312a6153412/go.mod h1:WPjqKcmVOxf0XSf3YxCJs6N6AOSrOx3obionmG7T0y0=
github.com/alecthomas/template v0.0.0-20190718012654-fb15b899a751/go.mod h1:LOuyumcjzFXgccqObfd/Ljyb9UuFJ6TxHnclSeseNhc=
github.com/alecthomas/units v0.0.0-20190924025748-f65c72e2690d/go.mod h1:rBZYJk541a8SKzHPHnH3zbiI+7dagKZ0cgpgrD7Fyho=
github.com/btcsuite/goleveldb v1.0.0 h1:Tvd0BfvqX9o823q1j2UZ/epQo09eJh6dTcRp79ilIN4=
github.com/btcsuite/goleveldb v1.0.0/go.mod h1:QiK9vBlgftBg6rWQIj6wFzbPfRjiykIEhBH4obrXJ/I=
github.com/btcsuite/snappy-go v1.0.0 h1:ZxaA6lo2EpxGddsA8JwWOcxlzRybb444sgmeJQMJGQE=
github.com/btcsuite/snappy-go v1.0.0/go.mod h1:8woku9dyThutzjeg+3xrA5iCpBRH8XEEg3lh6TiUghc=
github.com/cenkalti/backoff v2.2.1+incompatible/go.mod h1:90ReRw6GdpyfrHakVjL/QHaoyV4aDUVVkXQJJJ3NXXM=
github.com/coinbase/rosetta-sdk-go v0.2.0 h1:fFcOBbN345stlWU9PR+7wJ/LISLFQ0QlV3XPUaso3yk=
github.com/coinbase/rosetta-sdk-go v0.2.0/go.mod h1:XKM7urGHLqGQJi9kM97N+GpMLJuCAGYXy2wOm3KzxEE=
github.com/dave/dst v0.23.1/go.mod h1:LjPcLEauK4jC5hQ1fE/wr05O41zK91Pr4Qs22Ljq7gs=
github.com/dave/gopackages v0.0.0-20170318123100-46e7023ec56e/go.mod h1:i00+b/gKdIDIxuLDFob7ustLAVqhsZRk2qVZrArELGQ=
github.com/dave/jennifer v1.2.0/go.mod h1:fIb+770HOpJ2fmN9EPPKOqm1vMGhB+TwXKMZhrIygKg=
github.com/dave/kerr v0.0.0-20170318121727-bc25dd6abe8e/go.mod h1:qZqlPyPvfsDJt+3wHJ1EvSXDuVjFTK0j2p/ca+gtsb8=
github.com/dave/rebecca v0.9.1/go.mod h1:N6XYdMD/OKw3lkF3ywh8Z6wPGuwNFDNtWYEMFWEmXBA=
github.com/davecgh/go-spew v1.1.0/go.mod h1:J7Y8YcW2NihsgmVo/mv3lAwl/skON4iLHjSsI+c5H38=
github.com/davecgh/go-spew v1.1.1 h1:vj9j/u1bqnvCEfJOwUhtlOARqs3+rkHYY13jYWTU97c=
github.com/davecgh/go-spew v1.1.1/go.mod h1:J7Y8YcW2NihsgmVo/mv3lAwl/skON4iLHjSsI+c5H38=
github.com/dchest/siphash v1.2.1 h1:4cLinnzVJDKxTCl9B01807Yiy+W7ZzVHj/KIroQRvT4=
github.com/dchest/siphash v1.2.1/go.mod h1:q+IRvb2gOSrUnYoPqHiyHXS0FOBBOdl6tONBlVnOnt4=
github.com/decred/base58 v1.0.1/go.mod h1:H2ENcsJjye1G7CbRa67kV9OFaui0LGr56ntKKoY5g9c=
github.com/decred/base58 v1.0.2/go.mod h1:pXP9cXCfM2sFLb2viz2FNIdeMWmZDBKG3ZBYbiSM78E=
github.com/decred/base58 v1.0.3 h1:KGZuh8d1WEMIrK0leQRM47W85KqCAdl2N+uagbctdDI=
github.com/decred/base58 v1.0.3/go.mod h1:pXP9cXCfM2sFLb2viz2FNIdeMWmZDBKG3ZBYbiSM78E=
github.com/decred/dcrd/blockchain/stake/v2 v2.0.2 h1:tRrJTywABGsUpf6qrTrtdIOKXyZflA51b0sqWf7p5gk=
github.com/decred/dcrd/blockchain/stake/v2 v2.0.2/go.mod h1:o2TT/l/YFdrt15waUdlZ3g90zfSwlA0WgQqHV9UGJF4=
github.com/decred/dcrd/blockchain/stake/v3 v3.0.0-20200623174822-e2d77e4e7efe h1:dhwoq6sxtmMMIzmxF6lpBFdkz23x5e35QKfAg+92enQ=
github.com/decred/dcrd/blockchain/stake/v3 v3.0.0-20200623174822-e2d77e4e7efe/go.mod h1:1e94ovQXEcOjIn7BRzkXpswA7pWQXqB2el5l0w0Srf8=
github.com/decred/dcrd/chaincfg/chainhash v1.0.2 h1:rt5Vlq/jM3ZawwiacWjPa+smINyLRN07EO0cNBV6DGU=
github.com/decred/dcrd/chaincfg/chainhash v1.0.2/go.mod h1:BpbrGgrPTr3YJYRN3Bm+D9NuaFd+zGyNeIKgrhCXK60=
github.com/decred/dcrd/chaincfg/v2 v2.3.0 h1:ItmU+7DeUtyiabrcW+16MJFgY/BBeeYaPfkBLrFLyjo=
github.com/decred/dcrd/chaincfg/v2 v2.3.0/go.mod h1:7qUJTvn+y/kswSRZ4sT2+EmvlDTDyy2InvNFtX/hxk0=
github.com/decred/dcrd/chaincfg/v3 v3.0.0-20200215015031-3283587e6add/go.mod h1:v4oyBPQ/ZstYCV7+B0y6HogFByW76xTjr+72fOm66Y8=
github.com/decred/dcrd/chaincfg/v3 v3.0.0-20200215023918-6247af01d5e3/go.mod h1:v4oyBPQ/ZstYCV7+B0y6HogFByW76xTjr+72fOm66Y8=
github.com/decred/dcrd/chaincfg/v3 v3.0.0-20200215031403-6b2ce76f0986 h1:NB6x4lAI19wftZoHBxYePkjEDWhQXH0C+Q42Q/DAZWM=
github.com/decred/dcrd/chaincfg/v3 v3.0.0-20200215031403-6b2ce76f0986/go.mod h1:v4oyBPQ/ZstYCV7+B0y6HogFByW76xTjr+72fOm66Y8=
github.com/decred/dcrd/crypto/blake256 v1.0.0 h1:/8DMNYp9SGi5f0w7uCm6d6M4OU2rGFK09Y2A4Xv7EE0=
github.com/decred/dcrd/crypto/blake256 v1.0.0/go.mod h1:sQl2p6Y26YV+ZOcSTP6thNdn47hh8kt6rqSlvmrXFAc=
github.com/decred/dcrd/crypto/ripemd160 v1.0.0 h1:MciTnR4NfBqDFRFjFkrn8WPLP4Vo7t6ww6ghfn6wcXQ=
github.com/decred/dcrd/crypto/ripemd160 v1.0.0/go.mod h1:F0H8cjIuWTRoixr/LM3REB8obcWkmYx0gbxpQWR8RPg=
github.com/decred/dcrd/database/v2 v2.0.1 h1:ghLzkKpVpwvjrdRv3njrEfkvygQpYQX66sGVs8ha+E8=
github.com/decred/dcrd/database/v2 v2.0.1/go.mod h1:ZOaWTv3IlNqCA+y7q3q5EozgmiDOmNwCSq3ntZn2CDo=
github.com/decred/dcrd/dcrec v1.0.0 h1:W+z6Es+Rai3MXYVoPAxYr5U1DGis0Co33scJ6uH2J6o=
github.com/decred/dcrd/dcrec v1.0.0/go.mod h1:HIaqbEJQ+PDzQcORxnqen5/V1FR3B4VpIfmePklt8Q8=
github.com/decred/dcrd/dcrec/edwards/v2 v2.0.0 h1:E5KszxGgpjpmW8vN811G6rBAZg0/S/DftdGqN4FW5x4=
github.com/decred/dcrd/dcrec/edwards/v2 v2.0.0/go.mod h1:d0H8xGMWbiIQP7gN3v2rByWUcuZPm9YsgmnfoxgbINc=
github.com/decred/dcrd/dcrec/secp256k1/v2 v2.0.0 h1:3GIJYXQDAKpLEFriGFN8SbSffak10UXHGdIcFaMPykY=
github.com/decred/dcrd/dcrec/secp256k1/v2 v2.0.0/go.mod h1:3s92l0paYkZoIHuj4X93Teg/HB7eGM9x/zokGw+u4mY=
github.com/decred/dcrd/dcrec/secp256k1/v3 v3.0.0-20200215015031-3283587e6add/go.mod h1:Ej0/gOv8NpFfaczyXGndw7eRMJFVhmY2faSeyxztSUw=
github.com/decred/dcrd/dcrec/secp256k1/v3 v3.0.0-20200215023918-6247af01d5e3/go.mod h1:Ej0/gOv8NpFfaczyXGndw7eRMJFVhmY2faSeyxztSUw=
github.com/decred/dcrd/dcrec/secp256k1/v3 v3.0.0-20200215031403-6b2ce76f0986 h1:r8PwukjSzsZeVOgq1M3Q6ml6A7zZGvMTFjmxFcl2XX8=
github.com/decred/dcrd/dcrec/secp256k1/v3 v3.0.0-20200215031403-6b2ce76f0986/go.mod h1:Ej0/gOv8NpFfaczyXGndw7eRMJFVhmY2faSeyxztSUw=
github.com/decred/dcrd/dcrec/secp256k1/v3 v3.0.0-20200616182840-3baf1f590cb1 h1:CroIcno3IXejj783fLE2YldsJ1m2hr4R9Qe5fM0689k=
github.com/decred/dcrd/dcrec/secp256k1/v3 v3.0.0-20200616182840-3baf1f590cb1/go.mod h1:J70FGZSbzsjecRTiTzER+3f1KZLNaXkuv+yeFTKoxM8=
github.com/decred/dcrd/dcrjson/v3 v3.0.1 h1:b9cpplNJG+nutE2jS8K/BtSGIJihEQHhFjFAsvJF/iI=
github.com/decred/dcrd/dcrjson/v3 v3.0.1/go.mod h1:fnTHev/ABGp8IxFudDhjGi9ghLiXRff1qZz/wvq12Mg=
github.com/decred/dcrd/dcrutil/v2 v2.0.1 h1:aL+c7o7Q66HV1gIif+XkNYo9DeorN3l01Vns8mh0mqs=
github.com/decred/dcrd/dcrutil/v2 v2.0.1/go.mod h1:JdEgF6eh0TTohPeiqDxqDSikTSvAczq0J7tFMyyeD+k=
github.com/decred/dcrd/dcrutil/v3 v3.0.0-20200215023918-6247af01d5e3/go.mod h1:48ZLpNNrRIYfqYxmvzMgOZrnTZUU3aTJveWtamCkOxo=
github.com/decred/dcrd/dcrutil/v3 v3.0.0-20200215031403-6b2ce76f0986/go.mod h1:jFxEd2LWDLvrWlrIiyx9ZGTQjvoFHZ0OVfBdyIX7jSw=
github.com/decred/dcrd/dcrutil/v3 v3.0.0-20200503044000-76f6906e50e5/go.mod h1:85NtF/fmqL2UDf0/gLhTHG/m/0HQHwG+erQKkwWW27A=
github.com/decred/dcrd/dcrutil/v3 v3.0.0-20200616182840-3baf1f590cb1 h1:uiMnZy+YBJt0ZzTXHk0TZgIPTlOGgrIYrRoFET0kUwg=
github.com/decred/dcrd/dcrutil/v3 v3.0.0-20200616182840-3baf1f590cb1/go.mod h1:WyoYp6FRgNAQL33CdcpvSnKcujH8wMzIRBSMCg64Egw=
github.com/decred/dcrd/gcs/v2 v2.0.1 h1:A6OQLuvffyMWdvGvj+xIgx/WyuWCLQbSnbYpT2frKTo=
github.com/decred/dcrd/gcs/v2 v2.0.1/go.mod h1:3XjKcrtvB+r2ezhIsyNCLk6dRnXRJVyYmsd1P3SkU3o=
github.com/decred/dcrd/lru v1.0.1-0.20200219013519-e26e71a9a21f h1:e/QUyktJatIlTow508kTjQWsuSWbodqiO3+AhL+V3zQ=
github.com/decred/dcrd/lru v1.0.1-0.20200219013519-e26e71a9a21f/go.mod h1:mxKOwFd7lFjN2GZYsiz/ecgqR6kkYAl+0pz0tEMk218=
github.com/decred/dcrd/rpc/jsonrpc/types/v2 v2.0.1-0.20200503044000-76f6906e50e5 h1:O8kpj3huIKO6N+KiyndTPTJwoo/Q0Jq+92Do511CGoE=
github.com/decred/dcrd/rpc/jsonrpc/types/v2 v2.0.1-0.20200503044000-76f6906e50e5/go.mod h1:c5S+PtQWNIA2aUakgrLhrlopkMadcOv51dWhCEdo49c=
github.com/decred/dcrd/rpcclient/v6 v6.0.0-20200616182840-3baf1f590cb1 h1:wwaDUHBjyfSH7RkJ0kdit7cpT/i5+vpP85raWXKDrGc=
github.com/decred/dcrd/rpcclient/v6 v6.0.0-20200616182840-3baf1f590cb1/go.mod h1:zr/FgNndAxHG39OZ5Hviqmk7gGj7xm6oxvCw9iqCjvQ=
github.com/decred/dcrd/txscript/v2 v2.1.0 h1:IKIpNm0lPmNQoaZ2zxZm1qMwfmLb/XXeahxXlfc+MrA=
github.com/decred/dcrd/txscript/v2 v2.1.0/go.mod h1:XaJAVrZU4NWRx4UEzTiDAs86op1m8GRJLz24SDBKOi0=
github.com/decred/dcrd/txscript/v3 v3.0.0-20200215031403-6b2ce76f0986/go.mod h1:KsDS7McU1yFaCYR9LCIwk6YnE15YN3wJUDxhKdFqlsc=
github.com/decred/dcrd/txscript/v3 v3.0.0-20200623174822-e2d77e4e7efe h1:AsSQXuupkKAuha+niFgt1+vSqVM1B2UJ/xBd78am2r4=
github.com/decred/dcrd/txscript/v3 v3.0.0-20200623174822-e2d77e4e7efe/go.mod h1:vrm3R/AesmA9slTf0rFcwhD0SduAJAWxocyaWVi8dM0=
github.com/decred/dcrd/wire v1.3.0 h1:X76I2/a8esUmxXmFpJpAvXEi014IA4twgwcOBeIS8lE=
github.com/decred/dcrd/wire v1.3.0/go.mod h1:fnKGlUY2IBuqnpxx5dYRU5Oiq392OBqAuVjRVSkIoXM=
github.com/decred/go-socks v1.1.0 h1:dnENcc0KIqQo3HSXdgboXAHgqsCIutkqq6ntQjYtm2U=
github.com/decred/go-socks v1.1.0/go.mod h1:sDhHqkZH0X4JjSa02oYOGhcGHYp12FsY1jQ/meV8md0=
github.com/decred/slog v1.0.0 h1:Dl+W8O6/JH6n2xIFN2p3DNjCmjYwvrXsjlSJTQQ4MhE=
github.com/decred/slog v1.0.0/go.mod h1:zR98rEZHSnbZ4WHZtO0iqmSZjDLKhkXfrPTZQKtAonQ=
github.com/fsnotify/fsnotify v1.4.7 h1:IXs+QLmnXW2CcXuY+8Mzv/fWEsPGWxqefPtCP5CnV9I=
github.com/fsnotify/fsnotify v1.4.7/go.mod h1:jwhsz4b93w/PPRr/qN1Yymfu8t87LnFCMoQvtojpjFo=
github.com/golang/protobuf v1.2.0/go.mod h1:6lQm79b+lXiMfvg/cZm0SGofjICqVBUtrP5yJMmIC1U=
github.com/golang/protobuf v1.3.2 h1:6nsPYzhq5kReh6QImI3k5qWzO4PEbvbIW2cwSfR/6xs=
github.com/golang/protobuf v1.3.2/go.mod h1:6lQm79b+lXiMfvg/cZm0SGofjICqVBUtrP5yJMmIC1U=
github.com/google/addlicense v0.0.0-20200422172452-68a83edd47bc/go.mod h1:EMjYTRimagHs1FwlIqKyX3wAM0u3rA+McvlIIWmSamA=
github.com/google/pprof v0.0.0-20181127221834-b4f47329b966/go.mod h1:zfwlbNMJ+OItoe0UupaVj+oy1omPYYDuagoSzA8v9mc=
github.com/gorilla/mux v1.7.4 h1:VuZ8uybHlWmqV03+zRzdwKL4tUnIp1MAQtp1mIFE1bc=
github.com/gorilla/mux v1.7.4/go.mod h1:DVbg23sWSpFRCP0SfiEN6jmj59UnW/n46BH5rLB71So=
github.com/gorilla/websocket v1.4.2 h1:+/TMaTYc4QFitKJxsQ7Yye35DkWvkdLcvGKqM+x0Ufc=
github.com/gorilla/websocket v1.4.2/go.mod h1:YR8l580nyteQvAITg2hZ9XVh4b55+EU/adAjf1fMHhE=
github.com/hpcloud/tail v1.0.0 h1:nfCOvKYfkgYP8hkirhJocXT2+zOD8yUNjXaWfTlyFKI=
github.com/hpcloud/tail v1.0.0/go.mod h1:ab1qPbhIpdTxEkNHXyeSf5vhxWSCs/tWer42PpOxQnU=
github.com/ianlancetaylor/demangle v0.0.0-20181102032728-5e5cf60278f6/go.mod h1:aSSvb/t6k1mPoxDqO4vJh6VOCGPwU4O0C2/Eqndh1Sc=
github.com/jessevdk/go-flags v1.4.0 h1:4IU2WS7AumrZ/40jfhf4QVDMsQwqA7VEHozFRrGARJA=
github.com/jessevdk/go-flags v1.4.0/go.mod h1:4FA24M0QyGHXBuZZK/XkWh8h0e1EYbRYJSGM75WSRxI=
github.com/jrick/logrotate v1.0.0 h1:lQ1bL/n9mBNeIXoTUoYRlK4dHuNJVofX9oWqBtPnSzI=
github.com/jrick/logrotate v1.0.0/go.mod h1:LNinyqDIJnpAur+b8yyulnQw/wDuN1+BYKlTRt3OuAQ=
github.com/konsorten/go-windows-terminal-sequences v1.0.1/go.mod h1:T0+1ngSBFLxvqU3pZ+m/2kptfBszLMUkC4ZK/EgS/cQ=
github.com/konsorten/go-windows-terminal-sequences v1.0.2/go.mod h1:T0+1ngSBFLxvqU3pZ+m/2kptfBszLMUkC4ZK/EgS/cQ=
github.com/kr/pretty v0.1.0 h1:L/CwN0zerZDmRFUapSPitk6f+Q3+0za1rQkzVuMiMFI=
github.com/kr/pretty v0.1.0/go.mod h1:dAy3ld7l9f0ibDNOQOHHMYYIIbhfbHSm3C4ZsoJORNo=
github.com/kr/pty v1.1.1/go.mod h1:pFQYn66WHrOpPYNljwOMqo10TkYh1fy3cYio2l3bCsQ=
github.com/kr/text v0.1.0 h1:45sCR5RtlFHMR4UwH9sdQ5TC8v0qDQCHnXt+kaKSTVE=
github.com/kr/text v0.1.0/go.mod h1:4Jbv+DJW3UT/LiOwJeYQe1efqtUx/iVham/4vfdArNI=
github.com/mattn/go-colorable v0.1.4/go.mod h1:U0ppj6V5qS13XJ6of8GYAs25YV2eR4EVcfRqFIhoBtE=
github.com/mattn/go-isatty v0.0.8/go.mod h1:Iq45c/XA43vh69/j3iqttzPXn0bhXyGjM0Hdxcsrc5s=
github.com/mattn/go-isatty v0.0.10/go.mod h1:qgIWMr58cqv1PHHyhnkY9lrL7etaEgOFcMEpPG5Rm84=
github.com/mgutz/ansi v0.0.0-20170206155736-9520e82c474b/go.mod h1:01TrycV0kFyexm33Z7vhZRXopbI8J3TDReVlkTgMUxE=
github.com/mitchellh/mapstructure v1.3.0 h1:iDwIio/3gk2QtLLEsqU5lInaMzos0hDTz8a6lazSFVw=
github.com/mitchellh/mapstructure v1.3.0/go.mod h1:bFUtVrKA4DC2yAKiSyO/QUcy7e+RRV2QTWOzhPopBRo=
github.com/onsi/ginkgo v1.6.0/go.mod h1:lLunBs/Ym6LB5Z9jYTR76FiuTmxDTDusOGeTQH+WWjE=
github.com/onsi/ginkgo v1.10.2 h1:uqH7bpe+ERSiDa34FDOF7RikN6RzXgduUF8yarlZp94=
github.com/onsi/ginkgo v1.10.2/go.mod h1:lLunBs/Ym6LB5Z9jYTR76FiuTmxDTDusOGeTQH+WWjE=
github.com/onsi/gomega v1.4.1/go.mod h1:C1qb7wdrVGGVU+Z6iS04AVkA3Q65CEZX59MT0QO5uiA=
github.com/onsi/gomega v1.7.0 h1:XPnZz8VVBHjVsy1vzJmRwIcSwiUO+JFfrv/xGiigmME=
github.com/onsi/gomega v1.7.0/go.mod h1:ex+gbHU/CVuBBDIJjb2X0qEXbFg53c61hWP/1CpauHY=
github.com/pmezard/go-difflib v1.0.0 h1:4DBwDE0NGyQoBHbLQYPwSUPoCMWR5BEzIk/f1lZbAQM=
github.com/pmezard/go-difflib v1.0.0/go.mod h1:iKH77koFhYxTK1pcRnkKkqfTogsbg7gZNVY4sRDYZ/4=
github.com/segmentio/golines v0.0.0-20200306054842-869934f8da7b/go.mod h1:K7zjgP8yJ/U8nb8nxaSykalAKSvbqr6TNbd9B7zzBFU=
github.com/sergi/go-diff v1.0.0/go.mod h1:0CfEIISq7TuYL3j771MWULgwwjU+GofnZX9QAmXWZgo=
github.com/sirupsen/logrus v1.4.2/go.mod h1:tLMulIdttU9McNUspp0xgXVQah82FyeX6MwdIuYE2rE=
github.com/stretchr/objx v0.1.0/go.mod h1:HFkY916IF+rwdDfMAkV7OtwuqBVzrE8GR6GFx+wExME=
github.com/stretchr/objx v0.1.1/go.mod h1:HFkY916IF+rwdDfMAkV7OtwuqBVzrE8GR6GFx+wExME=
github.com/stretchr/testify v1.2.2/go.mod h1:a8OnRcib4nhh0OaRAV+Yts87kKdq0PP7pXfy6kDkUVs=
github.com/stretchr/testify v1.4.0/go.mod h1:j7eGeouHqKxXV5pUuKE4zz7dFj8WfuZ+81PSLYec5m4=
github.com/stretchr/testify v1.5.1 h1:nOGnQDM7FYENwehXlg/kFVnos3rEvtKTjRvOWSzb6H4=
github.com/stretchr/testify v1.5.1/go.mod h1:5W2xD1RspED5o8YsWQXVCued0rvSQ+mT+I5cxcmMvtA=
github.com/x-cray/logrus-prefixed-formatter v0.5.2/go.mod h1:2duySbKsL6M18s5GU7VPsoEPHyzalCE06qoARUCeBBE=
golang.org/x/arch v0.0.0-20180920145803-b19384d3c130/go.mod h1:cYlCBUl1MsqxdiKgmc4uh7TxZfWSFLOGSRR090WDxt8=
golang.org/x/crypto v0.0.0-20181127143415-eb0de9b17e85/go.mod h1:6SG95UA2DQfeDnfUPMdvaQW0Q7yPrPDi9nlGo2tz2b4=
golang.org/x/crypto v0.0.0-20190308221718-c2843e01d9a2/go.mod h1:djNgcEr1/C05ACkg1iLfiJU5Ep61QUkGW8qpdssI0+w=
golang.org/x/crypto v0.0.0-20191011191535-87dc89f01550 h1:ObdrDkeb4kJdCP557AjRjq69pTHfNouLtWZG7j9rPN8=
golang.org/x/crypto v0.0.0-20191011191535-87dc89f01550/go.mod h1:yigFU9vqHzYiE8UmvKecakEJjdnWj3jj499lnFckfCI=
golang.org/x/net v0.0.0-20180719180050-a680a1efc54d/go.mod h1:mL1N/T3taQHkDXs73rZJwtUhF3w3ftmwwsq0BUmARs4=
golang.org/x/net v0.0.0-20180906233101-161cd47e91fd/go.mod h1:mL1N/T3taQHkDXs73rZJwtUhF3w3ftmwwsq0BUmARs4=
golang.org/x/net v0.0.0-20190404232315-eb5bcb51f2a3/go.mod h1:t9HGtf8HONx5eT2rtn7q6eTqICYqUVnKs3thJo3Qplg=
golang.org/x/net v0.0.0-20190620200207-3b0461eec859 h1:R/3boaszxrf1GEUWTVDzSKVwLmSJpwZ1yqXm8j0v2QI=
golang.org/x/net v0.0.0-20190620200207-3b0461eec859/go.mod h1:z5CRVTTTmAJ677TzLLGU+0bjPO0LkuOLi4/5GtJWs/s=
golang.org/x/sync v0.0.0-20180314180146-1d60e4601c6f/go.mod h1:RxMgew5VJxzue5/jJTE5uejpjVlOe/izrB70Jof72aM=
golang.org/x/sync v0.0.0-20190423024810-112230192c58/go.mod h1:RxMgew5VJxzue5/jJTE5uejpjVlOe/izrB70Jof72aM=
golang.org/x/sync v0.0.0-20190911185100-cd5d95a43a6e/go.mod h1:RxMgew5VJxzue5/jJTE5uejpjVlOe/izrB70Jof72aM=
golang.org/x/sync v0.0.0-20200317015054-43a5402ce75a h1:WXEvlFVvvGxCJLG6REjsT03iWnKLEWinaScsxF2Vm2o=
golang.org/x/sync v0.0.0-20200317015054-43a5402ce75a/go.mod h1:RxMgew5VJxzue5/jJTE5uejpjVlOe/izrB70Jof72aM=
golang.org/x/sys v0.0.0-20180903190138-2b024373dcd9/go.mod h1:STP8DvDyc/dI5b8T5hshtkjS+E42TnysNCUPdjciGhY=
golang.org/x/sys v0.0.0-20180909124046-d0be0721c37e/go.mod h1:STP8DvDyc/dI5b8T5hshtkjS+E42TnysNCUPdjciGhY=
golang.org/x/sys v0.0.0-20190215142949-d0b11bdaac8a/go.mod h1:STP8DvDyc/dI5b8T5hshtkjS+E42TnysNCUPdjciGhY=
golang.org/x/sys v0.0.0-20190222072716-a9d3bda3a223/go.mod h1:STP8DvDyc/dI5b8T5hshtkjS+E42TnysNCUPdjciGhY=
golang.org/x/sys v0.0.0-20190412213103-97732733099d/go.mod h1:h1NjWce9XRLGQEsW7wpKNCjG9DtNlClVuFLEZdDNbEs=
golang.org/x/sys v0.0.0-20190422165155-953cdadca894/go.mod h1:h1NjWce9XRLGQEsW7wpKNCjG9DtNlClVuFLEZdDNbEs=
golang.org/x/sys v0.0.0-20191008105621-543471e840be/go.mod h1:h1NjWce9XRLGQEsW7wpKNCjG9DtNlClVuFLEZdDNbEs=
golang.org/x/sys v0.0.0-20191010194322-b09406accb47/go.mod h1:h1NjWce9XRLGQEsW7wpKNCjG9DtNlClVuFLEZdDNbEs=
golang.org/x/sys v0.0.0-20191024172528-b4ff53e7a1cb h1:ZxSglHghKPYD8WDeRUzRJrUJtDF0PxsTUSxyqr9/5BI=
golang.org/x/sys v0.0.0-20191024172528-b4ff53e7a1cb/go.mod h1:h1NjWce9XRLGQEsW7wpKNCjG9DtNlClVuFLEZdDNbEs=
golang.org/x/text v0.3.0 h1:g61tztE5qeGQ89tm6NTjjM9VPIm088od1l6aSorWRWg=
golang.org/x/text v0.3.0/go.mod h1:NqM8EUOU14njkJ3fqMW+pc6Ldnwhi/IjpwHt7yyuwOQ=
golang.org/x/tools v0.0.0-20181127232545-e782529d0ddd/go.mod h1:n7NCudcB/nEzxVGmLbDWY5pfWTLqBcC2KZ6jyYvM4mQ=
golang.org/x/tools v0.0.0-20191024220359-3d91e92cde03/go.mod h1:b+2E5dAYhXwXZwtnZ6UAqBI28+e2cm9otk0dWdXHAEo=
golang.org/x/xerrors v0.0.0-20190717185122-a985d3407aa7/go.mod h1:I/5z698sn9Ka8TeJc9MKroUUfqBBauWjQqLJ2OPfmY0=
gopkg.in/alecthomas/kingpin.v2 v2.2.6/go.mod h1:FMv+mEhP44yOT+4EoQTLFTRgOQ1FBLkstjWtayDeSgw=
gopkg.in/check.v1 v0.0.0-20161208181325-20d25e280405/go.mod h1:Co6ibVJAznAaIkqp8huTwlJQCZ016jof/cbN4VW5Yz0=
gopkg.in/check.v1 v1.0.0-20180628173108-788fd7840127 h1:qIbj1fsPNlZgppZ+VLlY7N33q108Sa+fhmuc+sWQYwY=
gopkg.in/check.v1 v1.0.0-20180628173108-788fd7840127/go.mod h1:Co6ibVJAznAaIkqp8huTwlJQCZ016jof/cbN4VW5Yz0=
gopkg.in/fsnotify.v1 v1.4.7 h1:xOHLXZwVvI9hhs+cLKq5+I5onOuwQLhQwiu63xxlHs4=
gopkg.in/fsnotify.v1 v1.4.7/go.mod h1:Tz8NjZHkW78fSQdbUxIjBTcgA1z1m8ZHf0WmKUhAMys=
gopkg.in/src-d/go-billy.v4 v4.3.0/go.mod h1:tm33zBoOwxjYHZIE+OV8bxTWFMJLrconzFMd38aARFk=
gopkg.in/tomb.v1 v1.0.0-20141024135613-dd632973f1e7 h1:uRGJdciOHaEIrze2W8Q3AKkepLTh2hOroT7a+7czfdQ=
gopkg.in/tomb.v1 v1.0.0-20141024135613-dd632973f1e7/go.mod h1:dt/ZhP58zS4L8KSrWDmTeBkI65Dw0HsyUHuEVlX15mw=
gopkg.in/yaml.v2 v2.2.1/go.mod h1:hI93XBmqTisBFMUTm0b8Fm+jr3Dg1NNxqwp+5A1VGuI=
gopkg.in/yaml.v2 v2.2.2 h1:ZCJp+EgiOT7lHqUV2J862kp8Qj64Jo6az82+3Td9dZw=
gopkg.in/yaml.v2 v2.2.2/go.mod h1:hI93XBmqTisBFMUTm0b8Fm+jr3Dg1NNxqwp+5A1VGuI=
